// !$*UTF8*$!
{
	archiveVersion = 1;
	classes = {
	};
	objectVersion = 46;
	objects = {

/* Begin PBXBuildFile section */
		102830471BFECD3300A82C4A /* main.m in Sources */ = {isa = PBXBuildFile; fileRef = 102830461BFECD3300A82C4A /* main.m */; };
		1028304A1BFECD3300A82C4A /* AppDelegate.m in Sources */ = {isa = PBXBuildFile; fileRef = 102830491BFECD3300A82C4A /* AppDelegate.m */; };
		1028304D1BFECD3300A82C4A /* ViewController.m in Sources */ = {isa = PBXBuildFile; fileRef = 1028304C1BFECD3300A82C4A /* ViewController.m */; };
		102830501BFECD3300A82C4A /* Main.storyboard in Resources */ = {isa = PBXBuildFile; fileRef = 1028304E1BFECD3300A82C4A /* Main.storyboard */; };
		102830521BFECD3300A82C4A /* Assets.xcassets in Resources */ = {isa = PBXBuildFile; fileRef = 102830511BFECD3300A82C4A /* Assets.xcassets */; };
		102830551BFECD3300A82C4A /* LaunchScreen.storyboard in Resources */ = {isa = PBXBuildFile; fileRef = 102830531BFECD3300A82C4A /* LaunchScreen.storyboard */; };
		1028305E1BFECDC500A82C4A /* Math.m in Sources */ = {isa = PBXBuildFile; fileRef = 1028305D1BFECDC500A82C4A /* Math.m */; };
/* End PBXBuildFile section */

/* Begin PBXFileReference section */
		102830421BFECD3300A82C4A /* MathEquation.app */ = {isa = PBXFileReference; explicitFileType = wrapper.application; includeInIndex = 0; path = MathEquation.app; sourceTree = BUILT_PRODUCTS_DIR; };
		102830461BFECD3300A82C4A /* main.m */ = {isa = PBXFileReference; lastKnownFileType = sourcecode.c.objc; path = main.m; sourceTree = "<group>"; };
		102830481BFECD3300A82C4A /* AppDelegate.h */ = {isa = PBXFileReference; lastKnownFileType = sourcecode.c.h; path = AppDelegate.h; sourceTree = "<group>"; };
		102830491BFECD3300A82C4A /* AppDelegate.m */ = {isa = PBXFileReference; lastKnownFileType = sourcecode.c.objc; path = AppDelegate.m; sourceTree = "<group>"; };
		1028304B1BFECD3300A82C4A /* ViewController.h */ = {isa = PBXFileReference; lastKnownFileType = sourcecode.c.h; path = ViewController.h; sourceTree = "<group>"; };
		1028304C1BFECD3300A82C4A /* ViewController.m */ = {isa = PBXFileReference; lastKnownFileType = sourcecode.c.objc; path = ViewController.m; sourceTree = "<group>"; };
		1028304F1BFECD3300A82C4A /* Base */ = {isa = PBXFileReference; lastKnownFileType = file.storyboard; name = Base; path = Base.lproj/Main.storyboard; sourceTree = "<group>"; };
		102830511BFECD3300A82C4A /* Assets.xcassets */ = {isa = PBXFileReference; lastKnownFileType = folder.assetcatalog; path = Assets.xcassets; sourceTree = "<group>"; };
		102830541BFECD3300A82C4A /* Base */ = {isa = PBXFileReference; lastKnownFileType = file.storyboard; name = Base; path = Base.lproj/LaunchScreen.storyboard; sourceTree = "<group>"; };
		102830561BFECD3300A82C4A /* Info.plist */ = {isa = PBXFileReference; lastKnownFileType = text.plist.xml; path = Info.plist; sourceTree = "<group>"; };
		1028305C1BFECDC500A82C4A /* Math.h */ = {isa = PBXFileReference; fileEncoding = 4; lastKnownFileType = sourcecode.c.h; path = Math.h; sourceTree = "<group>"; };
		1028305D1BFECDC500A82C4A /* Math.m */ = {isa = PBXFileReference; fileEncoding = 4; lastKnownFileType = sourcecode.c.objc; path = Math.m; sourceTree = "<group>"; };
/* End PBXFileReference section */

/* Begin PBXFrameworksBuildPhase section */
		1028303F1BFECD3300A82C4A /* Frameworks */ = {
			isa = PBXFrameworksBuildPhase;
			buildActionMask = 2147483647;
			files = (
			);
			runOnlyForDeploymentPostprocessing = 0;
		};
/* End PBXFrameworksBuildPhase section */

/* Begin PBXGroup section */
		102830391BFECD3300A82C4A = {
			isa = PBXGroup;
			children = (
				102830441BFECD3300A82C4A /* MathEquation */,
				102830431BFECD3300A82C4A /* Products */,
			);
			sourceTree = "<group>";
		};
		102830431BFECD3300A82C4A /* Products */ = {
			isa = PBXGroup;
			children = (
				102830421BFECD3300A82C4A /* MathEquation.app */,
			);
			name = Products;
			sourceTree = "<group>";
		};
		102830441BFECD3300A82C4A /* MathEquation */ = {
			isa = PBXGroup;
			children = (
				102830481BFECD3300A82C4A /* AppDelegate.h */,
				102830491BFECD3300A82C4A /* AppDelegate.m */,
				1028304B1BFECD3300A82C4A /* ViewController.h */,
				1028304C1BFECD3300A82C4A /* ViewController.m */,
				1028305C1BFECDC500A82C4A /* Math.h */,
				1028305D1BFECDC500A82C4A /* Math.m */,
				1028304E1BFECD3300A82C4A /* Main.storyboard */,
				102830511BFECD3300A82C4A /* Assets.xcassets */,
				102830531BFECD3300A82C4A /* LaunchScreen.storyboard */,
				102830561BFECD3300A82C4A /* Info.plist */,
				102830451BFECD3300A82C4A /* Supporting Files */,
			);
			path = MathEquation;
			sourceTree = "<group>";
		};
		102830451BFECD3300A82C4A /* Supporting Files */ = {
			isa = PBXGroup;
			children = (
				102830461BFECD3300A82C4A /* main.m */,
			);
			name = "Supporting Files";
			sourceTree = "<group>";
		};
/* End PBXGroup section */

/* Begin PBXNativeTarget section */
		102830411BFECD3300A82C4A /* MathEquation */ = {
			isa = PBXNativeTarget;
			buildConfigurationList = 102830591BFECD3300A82C4A /* Build configuration list for PBXNativeTarget "MathEquation" */;
			buildPhases = (
				1028303E1BFECD3300A82C4A /* Sources */,
				1028303F1BFECD3300A82C4A /* Frameworks */,
				102830401BFECD3300A82C4A /* Resources */,
			);
			buildRules = (
			);
			dependencies = (
			);
			name = MathEquation;
			productName = MathEquation;
			productReference = 102830421BFECD3300A82C4A /* MathEquation.app */;
			productType = "com.apple.product-type.application";
		};
/* End PBXNativeTarget section */

/* Begin PBXProject section */
		1028303A1BFECD3300A82C4A /* Project object */ = {
			isa = PBXProject;
			attributes = {
				LastUpgradeCheck = 0710;
				ORGANIZATIONNAME = YouXianMing;
				TargetAttributes = {
					102830411BFECD3300A82C4A = {
						CreatedOnToolsVersion = 7.1;
					};
				};
			};
			buildConfigurationList = 1028303D1BFECD3300A82C4A /* Build configuration list for PBXProject "MathEquation" */;
			compatibilityVersion = "Xcode 3.2";
			developmentRegion = English;
			hasScannedForEncodings = 0;
			knownRegions = (
				en,
				Base,
			);
			mainGroup = 102830391BFECD3300A82C4A;
			productRefGroup = 102830431BFECD3300A82C4A /* Products */;
			projectDirPath = "";
			projectRoot = "";
			targets = (
				102830411BFECD3300A82C4A /* MathEquation */,
			);
		};
/* End PBXProject section */

/* Begin PBXResourcesBuildPhase section */
		102830401BFECD3300A82C4A /* Resources */ = {
			isa = PBXResourcesBuildPhase;
			buildActionMask = 2147483647;
			files = (
				102830551BFECD3300A82C4A /* LaunchScreen.storyboard in Resources */,
				102830521BFECD3300A82C4A /* Assets.xcassets in Resources */,
				102830501BFECD3300A82C4A /* Main.storyboard in Resources */,
			);
			runOnlyForDeploymentPostprocessing = 0;
		};
/* End PBXResourcesBuildPhase section */

/* Begin PBXSourcesBuildPhase section */
		1028303E1BFECD3300A82C4A /* Sources */ = {
			isa = PBXSourcesBuildPhase;
			buildActionMask = 2147483647;
			files = (
				1028304D1BFECD3300A82C4A /* ViewController.m in Sources */,
				1028304A1BFECD3300A82C4A /* AppDelegate.m in Sources */,
				102830471BFECD3300A82C4A /* main.m in Sources */,
				1028305E1BFECDC500A82C4A /* Math.m in Sources */,
			);
			runOnlyForDeploymentPostprocessing = 0;
		};
/* End PBXSourcesBuildPhase section */

/* Begin PBXVariantGroup section */
		1028304E1BFECD3300A82C4A /* Main.storyboard */ = {
			isa = PBXVariantGroup;
			children = (
				1028304F1BFECD3300A82C4A /* Base */,
			);
			name = Main.storyboard;
			sourceTree = "<group>";
		};
		102830531BFECD3300A82C4A /* LaunchScreen.storyboard */ = {
			isa = PBXVariantGroup;
			children = (
				102830541BFECD3300A82C4A /* Base */,
			);
			name = LaunchScreen.storyboard;
			sourceTree = "<group>";
		};
/* End PBXVariantGroup section */

/* Begin XCBuildConfiguration section */
		102830571BFECD3300A82C4A /* Debug */ = {
			isa = XCBuildConfiguration;
			buildSettings = {
				ALWAYS_SEARCH_USER_PATHS = NO;
				CLANG_CXX_LANGUAGE_STANDARD = "gnu++0x";
				CLANG_CXX_LIBRARY = "libc++";
				CLANG_ENABLE_MODULES = YES;
				CLANG_ENABLE_OBJC_ARC = YES;
				CLANG_WARN_BOOL_CONVERSION = YES;
				CLANG_WARN_CONSTANT_CONVERSION = YES;
				CLANG_WARN_DIRECT_OBJC_ISA_USAGE = YES_ERROR;
				CLANG_WARN_EMPTY_BODY = YES;
				CLANG_WARN_ENUM_CONVERSION = YES;
				CLANG_WARN_INT_CONVERSION = YES;
				CLANG_WARN_OBJC_ROOT_CLASS = YES_ERROR;
				CLANG_WARN_UNREACHABLE_CODE = YES;
				CLANG_WARN__DUPLICATE_METHOD_MATCH = YES;
				"CODE_SIGN_IDENTITY[sdk=iphoneos*]" = "iPhone Developer";
				COPY_PHASE_STRIP = NO;
				DEBUG_INFORMATION_FORMAT = dwarf;
				ENABLE_STRICT_OBJC_MSGSEND = YES;
				ENABLE_TESTABILITY = YES;
				GCC_C_LANGUAGE_STANDARD = gnu99;
				GCC_DYNAMIC_NO_PIC = NO;
				GCC_NO_COMMON_BLOCKS = YES;
				GCC_OPTIMIZATION_LEVEL = 0;
				GCC_PREPROCESSOR_DEFINITIONS = (
					"DEBUG=1",
					"$(inherited)",
				);
				GCC_WARN_64_TO_32_BIT_CONVERSION = YES;
				GCC_WARN_ABOUT_RETURN_TYPE = YES_ERROR;
				GCC_WARN_UNDECLARED_SELECTOR = YES;
				GCC_WARN_UNINITIALIZED_AUTOS = YES_AGGRESSIVE;
				GCC_WARN_UNUSED_FUNCTION = YES;
				GCC_WARN_UNUSED_VARIABLE = YES;
				IPHONEOS_DEPLOYMENT_TARGET = 9.1;
				MTL_ENABLE_DEBUG_INFO = YES;
				ONLY_ACTIVE_ARCH = YES;
				SDKROOT = iphoneos;
			};
			name = Debug;
		};
		102830581BFECD3300A82C4A /* Release */ = {
			isa = XCBuildConfiguration;
			buildSettings = {
				ALWAYS_SEARCH_USER_PATHS = NO;
				CLANG_CXX_LANGUAGE_STANDARD = "gnu++0x";
				CLANG_CXX_LIBRARY = "libc++";
				CLANG_ENABLE_MODULES = YES;
				CLANG_ENABLE_OBJC_ARC = YES;
				CLANG_WARN_BOOL_CONVERSION = YES;
				CLANG_WARN_CONSTANT_CONVERSION = YES;
				CLANG_WARN_DIRECT_OBJC_ISA_USAGE = YES_ERROR;
				CLANG_WARN_EMPTY_BODY = YES;
				CLANG_WARN_ENUM_CONVERSION = YES;
				CLANG_WARN_INT_CONVERSION = YES;
				CLANG_WARN_OBJC_ROOT_CLASS = YES_ERROR;
				CLANG_WARN_UNREACHABLE_CODE = YES;
				CLANG_WARN__DUPLICATE_METHOD_MATCH = YES;
				"CODE_SIGN_IDENTITY[sdk=iphoneos*]" = "iPhone Developer";
				COPY_PHASE_STRIP = NO;
				DEBUG_INFORMATION_FORMAT = "dwarf-with-dsym";
				ENABLE_NS_ASSERTIONS = NO;
				ENABLE_STRICT_OBJC_MSGSEND = YES;
				GCC_C_LANGUAGE_STANDARD = gnu99;
				GCC_NO_COMMON_BLOCKS = YES;
				GCC_WARN_64_TO_32_BIT_CONVERSION = YES;
				GCC_WARN_ABOUT_RETURN_TYPE = YES_ERROR;
				GCC_WARN_UNDECLARED_SELECTOR = YES;
				GCC_WARN_UNINITIALIZED_AUTOS = YES_AGGRESSIVE;
				GCC_WARN_UNUSED_FUNCTION = YES;
				GCC_WARN_UNUSED_VARIABLE = YES;
				IPHONEOS_DEPLOYMENT_TARGET = 9.1;
				MTL_ENABLE_DEBUG_INFO = NO;
				SDKROOT = iphoneos;
				VALIDATE_PRODUCT = YES;
			};
			name = Release;
		};
		1028305A1BFECD3300A82C4A /* Debug */ = {
			isa = XCBuildConfiguration;
			buildSettings = {
				ASSETCATALOG_COMPILER_APPICON_NAME = AppIcon;
				INFOPLIST_FILE = MathEquation/Info.plist;
				LD_RUNPATH_SEARCH_PATHS = "$(inherited) @executable_path/Frameworks";
				PRODUCT_BUNDLE_IDENTIFIER = com.YouXianMing.MathEquation;
				PRODUCT_NAME = "$(TARGET_NAME)";
			};
			name = Debug;
		};
		1028305B1BFECD3300A82C4A /* Release */ = {
			isa = XCBuildConfiguration;
			buildSettings = {
				ASSETCATALOG_COMPILER_APPICON_NAME = AppIcon;
				INFOPLIST_FILE = MathEquation/Info.plist;
				LD_RUNPATH_SEARCH_PATHS = "$(inherited) @executable_path/Frameworks";
				PRODUCT_BUNDLE_IDENTIFIER = com.YouXianMing.MathEquation;
				PRODUCT_NAME = "$(TARGET_NAME)";
			};
			name = Release;
		};
/* End XCBuildConfiguration section */

/* Begin XCConfigurationList section */
		1028303D1BFECD3300A82C4A /* Build configuration list for PBXProject "MathEquation" */ = {
			isa = XCConfigurationList;
			buildConfigurations = (
				102830571BFECD3300A82C4A /* Debug */,
				102830581BFECD3300A82C4A /* Release */,
			);
			defaultConfigurationIsVisible = 0;
			defaultConfigurationName = Release;
		};
		102830591BFECD3300A82C4A /* Build configuration list for PBXNativeTarget "MathEquation" */ = {
			isa = XCConfigurationList;
			buildConfigurations = (
				1028305A1BFECD3300A82C4A /* Debug */,
				1028305B1BFECD3300A82C4A /* Release */,
			);
			defaultConfigurationIsVisible = 0;
		};
/* End XCConfigurationList section */
	};
	rootObject = 1028303A1BFECD3300A82C4A /* Project object */;
}
